
Microsoft Visual Studio Solution File, Format Version 12.00
# Visual Studio Version 17
VisualStudioVersion = 17.8.34525.116
MinimumVisualStudioVersion = 10.0.40219.1
Project("{FAE04EC0-301F-11D3-BF4B-00C04F79EFBC}") = "ProjetoBanco", "ProjetoBanco\ProjetoBanco.csproj", "{7DC10A5E-B81D-4348-AB32-1FB0082231BF}"
EndProject
Global
	GlobalSection(SolutionConfigurationPlatforms) = preSolution
		Debug|Any CPU = Debug|Any CPU
		Release|Any CPU = Release|Any CPU
	EndGlobalSection
	GlobalSection(ProjectConfigurationPlatforms) = postSolution
		{7DC10A5E-B81D-4348-AB32-1FB0082231BF}.Debug|Any CPU.ActiveCfg = Debug|Any CPU
		{7DC10A5E-B81D-4348-AB32-1FB0082231BF}.Debug|Any CPU.Build.0 = Debug|Any CPU
		{7DC10A5E-B81D-4348-AB32-1FB0082231BF}.Release|Any CPU.ActiveCfg = Release|Any CPU
		{7DC10A5E-B81D-4348-AB32-1FB0082231BF}.Release|Any CPU.Build.0 = Release|Any CPU
	EndGlobalSection
	GlobalSection(SolutionProperties) = preSolution
		HideSolutionNode = FALSE
	EndGlobalSection
	GlobalSection(ExtensibilityGlobals) = postSolution
		SolutionGuid = {D6B51C33-BA34-4DF0-BB04-1F9260F8D4C0}
	EndGlobalSection
EndGlobal
